// !$*UTF8*$!
{
	archiveVersion = 1;
	classes = {
	};
	objectVersion = 50;
	objects = {

/* Begin PBXBuildFile section */
		6541BB8322600CE40004619C /* AppDelegate.swift in Sources */ = {isa = PBXBuildFile; fileRef = 6541BB8222600CE40004619C /* AppDelegate.swift */; };
		6541BB8522600CE40004619C /* ViewController.swift in Sources */ = {isa = PBXBuildFile; fileRef = 6541BB8422600CE40004619C /* ViewController.swift */; };
		6541BB8822600CE40004619C /* Main.storyboard in Resources */ = {isa = PBXBuildFile; fileRef = 6541BB8622600CE40004619C /* Main.storyboard */; };
		6541BB8A22600CE60004619C /* Assets.xcassets in Resources */ = {isa = PBXBuildFile; fileRef = 6541BB8922600CE60004619C /* Assets.xcassets */; };
		6541BB8D22600CE60004619C /* LaunchScreen.storyboard in Resources */ = {isa = PBXBuildFile; fileRef = 6541BB8B22600CE60004619C /* LaunchScreen.storyboard */; };
		6541BBAB22600D360004619C /* lobby.png in Resources */ = {isa = PBXBuildFile; fileRef = 6541BB9622600D360004619C /* lobby.png */; };
		6541BBAC22600D360004619C /* battlebg.png in Resources */ = {isa = PBXBuildFile; fileRef = 6541BB9722600D360004619C /* battlebg.png */; };
		6541BBAD22600D360004619C /* bgimage.jpg in Resources */ = {isa = PBXBuildFile; fileRef = 6541BB9822600D360004619C /* bgimage.jpg */; };
		6541BBAE22600D360004619C /* waku.png in Resources */ = {isa = PBXBuildFile; fileRef = 6541BB9922600D360004619C /* waku.png */; };
		6541BBAF22600D360004619C /* gold_button.png in Resources */ = {isa = PBXBuildFile; fileRef = 6541BB9A22600D360004619C /* gold_button.png */; };
		6541BBB022600D360004619C /* yusya.png in Resources */ = {isa = PBXBuildFile; fileRef = 6541BB9B22600D360004619C /* yusya.png */; };
		6541BBB122600D360004619C /* monster.png in Resources */ = {isa = PBXBuildFile; fileRef = 6541BB9C22600D360004619C /* monster.png */; };
		6541BBB222600D360004619C /* Enemy.swift in Sources */ = {isa = PBXBuildFile; fileRef = 6541BB9E22600D360004619C /* Enemy.swift */; };
		6541BBB322600D360004619C /* TechDraUtil.swift in Sources */ = {isa = PBXBuildFile; fileRef = 6541BB9F22600D360004619C /* TechDraUtil.swift */; };
		6541BBB422600D360004619C /* Player.swift in Sources */ = {isa = PBXBuildFile; fileRef = 6541BBA022600D360004619C /* Player.swift */; };
		6541BBB522600D360004619C /* SE_fanfare.mp3 in Resources */ = {isa = PBXBuildFile; fileRef = 6541BBA222600D360004619C /* SE_fanfare.mp3 */; };
		6541BBB622600D360004619C /* BGM_battle001.mp3 in Resources */ = {isa = PBXBuildFile; fileRef = 6541BBA322600D360004619C /* BGM_battle001.mp3 */; };
		6541BBB722600D360004619C /* SE_fire.mp3 in Resources */ = {isa = PBXBuildFile; fileRef = 6541BBA422600D360004619C /* SE_fire.mp3 */; };
		6541BBB822600D360004619C /* SE_attack.mp3 in Resources */ = {isa = PBXBuildFile; fileRef = 6541BBA522600D360004619C /* SE_attack.mp3 */; };
		6541BBB922600D360004619C /* SE_gameover.mp3 in Resources */ = {isa = PBXBuildFile; fileRef = 6541BBA622600D360004619C /* SE_gameover.mp3 */; };
		6541BBBA22600D360004619C /* SE_charge.mp3 in Resources */ = {isa = PBXBuildFile; fileRef = 6541BBA722600D360004619C /* SE_charge.mp3 */; };
		6541BBBB22600D360004619C /* lobby.mp3 in Resources */ = {isa = PBXBuildFile; fileRef = 6541BBA822600D360004619C /* lobby.mp3 */; };
		6541BBBF2260125E0004619C /* misaki_gothic.ttf in Resources */ = {isa = PBXBuildFile; fileRef = 6541BBBE2260125E0004619C /* misaki_gothic.ttf */; };
		6541BBC12260C4880004619C /* LobbyViewController.swift in Sources */ = {isa = PBXBuildFile; fileRef = 6541BBC02260C4880004619C /* LobbyViewController.swift */; };
		6541BBC32260C5090004619C /* ButtleViewController.swift in Sources */ = {isa = PBXBuildFile; fileRef = 6541BBC22260C5090004619C /* ButtleViewController.swift */; };
/* End PBXBuildFile section */

/* Begin PBXFileReference section */
		6541BB7F22600CE40004619C /* TechMonster.app */ = {isa = PBXFileReference; explicitFileType = wrapper.application; includeInIndex = 0; path = TechMonster.app; sourceTree = BUILT_PRODUCTS_DIR; };
		6541BB8222600CE40004619C /* AppDelegate.swift */ = {isa = PBXFileReference; lastKnownFileType = sourcecode.swift; path = AppDelegate.swift; sourceTree = "<group>"; };
		6541BB8422600CE40004619C /* ViewController.swift */ = {isa = PBXFileReference; lastKnownFileType = sourcecode.swift; path = ViewController.swift; sourceTree = "<group>"; };
		6541BB8722600CE40004619C /* Base */ = {isa = PBXFileReference; lastKnownFileType = file.storyboard; name = Base; path = Base.lproj/Main.storyboard; sourceTree = "<group>"; };
		6541BB8922600CE60004619C /* Assets.xcassets */ = {isa = PBXFileReference; lastKnownFileType = folder.assetcatalog; path = Assets.xcassets; sourceTree = "<group>"; };
		6541BB8C22600CE60004619C /* Base */ = {isa = PBXFileReference; lastKnownFileType = file.storyboard; name = Base; path = Base.lproj/LaunchScreen.storyboard; sourceTree = "<group>"; };
		6541BB8E22600CE60004619C /* Info.plist */ = {isa = PBXFileReference; lastKnownFileType = text.plist.xml; path = Info.plist; sourceTree = "<group>"; };
		6541BB9622600D360004619C /* lobby.png */ = {isa = PBXFileReference; lastKnownFileType = image.png; path = lobby.png; sourceTree = "<group>"; };
		6541BB9722600D360004619C /* battlebg.png */ = {isa = PBXFileReference; lastKnownFileType = image.png; path = battlebg.png; sourceTree = "<group>"; };
		6541BB9822600D360004619C /* bgimage.jpg */ = {isa = PBXFileReference; lastKnownFileType = image.jpeg; path = bgimage.jpg; sourceTree = "<group>"; };
		6541BB9922600D360004619C /* waku.png */ = {isa = PBXFileReference; lastKnownFileType = image.png; path = waku.png; sourceTree = "<group>"; };
		6541BB9A22600D360004619C /* gold_button.png */ = {isa = PBXFileReference; lastKnownFileType = image.png; path = gold_button.png; sourceTree = "<group>"; };
		6541BB9B22600D360004619C /* yusya.png */ = {isa = PBXFileReference; lastKnownFileType = image.png; path = yusya.png; sourceTree = "<group>"; };
		6541BB9C22600D360004619C /* monster.png */ = {isa = PBXFileReference; lastKnownFileType = image.png; path = monster.png; sourceTree = "<group>"; };
		6541BB9E22600D360004619C /* Enemy.swift */ = {isa = PBXFileReference; fileEncoding = 4; lastKnownFileType = sourcecode.swift; path = Enemy.swift; sourceTree = "<group>"; };
		6541BB9F22600D360004619C /* TechDraUtil.swift */ = {isa = PBXFileReference; fileEncoding = 4; lastKnownFileType = sourcecode.swift; path = TechDraUtil.swift; sourceTree = "<group>"; };
		6541BBA022600D360004619C /* Player.swift */ = {isa = PBXFileReference; fileEncoding = 4; lastKnownFileType = sourcecode.swift; path = Player.swift; sourceTree = "<group>"; };
		6541BBA222600D360004619C /* SE_fanfare.mp3 */ = {isa = PBXFileReference; lastKnownFileType = audio.mp3; path = SE_fanfare.mp3; sourceTree = "<group>"; };
		6541BBA322600D360004619C /* BGM_battle001.mp3 */ = {isa = PBXFileReference; lastKnownFileType = audio.mp3; path = BGM_battle001.mp3; sourceTree = "<group>"; };
		6541BBA422600D360004619C /* SE_fire.mp3 */ = {isa = PBXFileReference; lastKnownFileType = audio.mp3; path = SE_fire.mp3; sourceTree = "<group>"; };
		6541BBA522600D360004619C /* SE_attack.mp3 */ = {isa = PBXFileReference; lastKnownFileType = audio.mp3; path = SE_attack.mp3; sourceTree = "<group>"; };
		6541BBA622600D360004619C /* SE_gameover.mp3 */ = {isa = PBXFileReference; lastKnownFileType = audio.mp3; path = SE_gameover.mp3; sourceTree = "<group>"; };
		6541BBA722600D360004619C /* SE_charge.mp3 */ = {isa = PBXFileReference; lastKnownFileType = audio.mp3; path = SE_charge.mp3; sourceTree = "<group>"; };
		6541BBA822600D360004619C /* lobby.mp3 */ = {isa = PBXFileReference; lastKnownFileType = audio.mp3; path = lobby.mp3; sourceTree = "<group>"; };
		6541BBBE2260125E0004619C /* misaki_gothic.ttf */ = {isa = PBXFileReference; lastKnownFileType = file; path = misaki_gothic.ttf; sourceTree = "<group>"; };
		6541BBC02260C4880004619C /* LobbyViewController.swift */ = {isa = PBXFileReference; lastKnownFileType = sourcecode.swift; path = LobbyViewController.swift; sourceTree = "<group>"; };
		6541BBC22260C5090004619C /* ButtleViewController.swift */ = {isa = PBXFileReference; lastKnownFileType = sourcecode.swift; path = ButtleViewController.swift; sourceTree = "<group>"; };
/* End PBXFileReference section */

/* Begin PBXFrameworksBuildPhase section */
		6541BB7C22600CE40004619C /* Frameworks */ = {
			isa = PBXFrameworksBuildPhase;
			buildActionMask = 2147483647;
			files = (
			);
			runOnlyForDeploymentPostprocessing = 0;
		};
/* End PBXFrameworksBuildPhase section */

/* Begin PBXGroup section */
		6541BB7622600CE40004619C = {
			isa = PBXGroup;
			children = (
				6541BBBE2260125E0004619C /* misaki_gothic.ttf */,
				6541BB8122600CE40004619C /* TechMonster */,
				6541BB8022600CE40004619C /* Products */,
			);
			sourceTree = "<group>";
		};
		6541BB8022600CE40004619C /* Products */ = {
			isa = PBXGroup;
			children = (
				6541BB7F22600CE40004619C /* TechMonster.app */,
			);
			name = Products;
			sourceTree = "<group>";
		};
		6541BB8122600CE40004619C /* TechMonster */ = {
			isa = PBXGroup;
			children = (
				6541BB9422600D360004619C /* TechMon_Resources */,
				6541BB8222600CE40004619C /* AppDelegate.swift */,
				6541BB8422600CE40004619C /* ViewController.swift */,
				6541BB8622600CE40004619C /* Main.storyboard */,
				6541BBC22260C5090004619C /* ButtleViewController.swift */,
				6541BBC02260C4880004619C /* LobbyViewController.swift */,
				6541BB8922600CE60004619C /* Assets.xcassets */,
				6541BB8B22600CE60004619C /* LaunchScreen.storyboard */,
				6541BB8E22600CE60004619C /* Info.plist */,
			);
			path = TechMonster;
			sourceTree = "<group>";
		};
		6541BB9422600D360004619C /* TechMon_Resources */ = {
			isa = PBXGroup;
			children = (
				6541BB9522600D360004619C /* Images */,
				6541BB9D22600D360004619C /* Models */,
				6541BBA122600D360004619C /* Sounds */,
				6541BBA922600D360004619C /* Fonts */,
			);
			path = TechMon_Resources;
			sourceTree = "<group>";
		};
		6541BB9522600D360004619C /* Images */ = {
			isa = PBXGroup;
			children = (
				6541BB9622600D360004619C /* lobby.png */,
				6541BB9722600D360004619C /* battlebg.png */,
				6541BB9822600D360004619C /* bgimage.jpg */,
				6541BB9922600D360004619C /* waku.png */,
				6541BB9A22600D360004619C /* gold_button.png */,
				6541BB9B22600D360004619C /* yusya.png */,
				6541BB9C22600D360004619C /* monster.png */,
			);
			path = Images;
			sourceTree = "<group>";
		};
		6541BB9D22600D360004619C /* Models */ = {
			isa = PBXGroup;
			children = (
				6541BB9E22600D360004619C /* Enemy.swift */,
				6541BB9F22600D360004619C /* TechDraUtil.swift */,
				6541BBA022600D360004619C /* Player.swift */,
			);
			path = Models;
			sourceTree = "<group>";
		};
		6541BBA122600D360004619C /* Sounds */ = {
			isa = PBXGroup;
			children = (
				6541BBA222600D360004619C /* SE_fanfare.mp3 */,
				6541BBA322600D360004619C /* BGM_battle001.mp3 */,
				6541BBA422600D360004619C /* SE_fire.mp3 */,
				6541BBA522600D360004619C /* SE_attack.mp3 */,
				6541BBA622600D360004619C /* SE_gameover.mp3 */,
				6541BBA722600D360004619C /* SE_charge.mp3 */,
				6541BBA822600D360004619C /* lobby.mp3 */,
			);
			path = Sounds;
			sourceTree = "<group>";
		};
		6541BBA922600D360004619C /* Fonts */ = {
			isa = PBXGroup;
			children = (
			);
			path = Fonts;
			sourceTree = "<group>";
		};
/* End PBXGroup section */

/* Begin PBXNativeTarget section */
		6541BB7E22600CE40004619C /* TechMonster */ = {
			isa = PBXNativeTarget;
			buildConfigurationList = 6541BB9122600CE60004619C /* Build configuration list for PBXNativeTarget "TechMonster" */;
			buildPhases = (
				6541BB7B22600CE40004619C /* Sources */,
				6541BB7C22600CE40004619C /* Frameworks */,
				6541BB7D22600CE40004619C /* Resources */,
			);
			buildRules = (
			);
			dependencies = (
			);
			name = TechMonster;
			productName = TechMonster;
			productReference = 6541BB7F22600CE40004619C /* TechMonster.app */;
			productType = "com.apple.product-type.application";
		};
/* End PBXNativeTarget section */

/* Begin PBXProject section */
		6541BB7722600CE40004619C /* Project object */ = {
			isa = PBXProject;
			attributes = {
				LastSwiftUpdateCheck = 1020;
				LastUpgradeCheck = 1020;
				ORGANIZATIONNAME = Tommy;
				TargetAttributes = {
					6541BB7E22600CE40004619C = {
						CreatedOnToolsVersion = 10.2;
					};
				};
			};
			buildConfigurationList = 6541BB7A22600CE40004619C /* Build configuration list for PBXProject "TechMonster" */;
			compatibilityVersion = "Xcode 9.3";
			developmentRegion = en;
			hasScannedForEncodings = 0;
			knownRegions = (
				en,
				Base,
			);
			mainGroup = 6541BB7622600CE40004619C;
			productRefGroup = 6541BB8022600CE40004619C /* Products */;
			projectDirPath = "";
			projectRoot = "";
			targets = (
				6541BB7E22600CE40004619C /* TechMonster */,
			);
		};
/* End PBXProject section */

/* Begin PBXResourcesBuildPhase section */
		6541BB7D22600CE40004619C /* Resources */ = {
			isa = PBXResourcesBuildPhase;
			buildActionMask = 2147483647;
			files = (
				6541BBBF2260125E0004619C /* misaki_gothic.ttf in Resources */,
				6541BBB022600D360004619C /* yusya.png in Resources */,
				6541BBAD22600D360004619C /* bgimage.jpg in Resources */,
				6541BBAE22600D360004619C /* waku.png in Resources */,
				6541BBB522600D360004619C /* SE_fanfare.mp3 in Resources */,
				6541BBAB22600D360004619C /* lobby.png in Resources */,
				6541BBAF22600D360004619C /* gold_button.png in Resources */,
				6541BBB822600D360004619C /* SE_attack.mp3 in Resources */,
				6541BB8D22600CE60004619C /* LaunchScreen.storyboard in Resources */,
				6541BBBB22600D360004619C /* lobby.mp3 in Resources */,
				6541BB8A22600CE60004619C /* Assets.xcassets in Resources */,
				6541BBB922600D360004619C /* SE_gameover.mp3 in Resources */,
				6541BBAC22600D360004619C /* battlebg.png in Resources */,
				6541BBB622600D360004619C /* BGM_battle001.mp3 in Resources */,
				6541BBBA22600D360004619C /* SE_charge.mp3 in Resources */,
				6541BBB722600D360004619C /* SE_fire.mp3 in Resources */,
				6541BBB122600D360004619C /* monster.png in Resources */,
				6541BB8822600CE40004619C /* Main.storyboard in Resources */,
			);
			runOnlyForDeploymentPostprocessing = 0;
		};
/* End PBXResourcesBuildPhase section */

/* Begin PBXSourcesBuildPhase section */
		6541BB7B22600CE40004619C /* Sources */ = {
			isa = PBXSourcesBuildPhase;
			buildActionMask = 2147483647;
			files = (
				6541BB8522600CE40004619C /* ViewController.swift in Sources */,
				6541BBB322600D360004619C /* TechDraUtil.swift in Sources */,
				6541BB8322600CE40004619C /* AppDelegate.swift in Sources */,
				6541BBC12260C4880004619C /* LobbyViewController.swift in Sources */,
				6541BBB422600D360004619C /* Player.swift in Sources */,
				6541BBB222600D360004619C /* Enemy.swift in Sources */,
				6541BBC32260C5090004619C /* ButtleViewController.swift in Sources */,
			);
			runOnlyForDeploymentPostprocessing = 0;
		};
/* End PBXSourcesBuildPhase section */

/* Begin PBXVariantGroup section */
		6541BB8622600CE40004619C /* Main.storyboard */ = {
			isa = PBXVariantGroup;
			children = (
				6541BB8722600CE40004619C /* Base */,
			);
			name = Main.storyboard;
			sourceTree = "<group>";
		};
		6541BB8B22600CE60004619C /* LaunchScreen.storyboard */ = {
			isa = PBXVariantGroup;
			children = (
				6541BB8C22600CE60004619C /* Base */,
			);
			name = LaunchScreen.storyboard;
			sourceTree = "<group>";
		};
/* End PBXVariantGroup section */

/* Begin XCBuildConfiguration section */
		6541BB8F22600CE60004619C /* Debug */ = {
			isa = XCBuildConfiguration;
			buildSettings = {
				ALWAYS_SEARCH_USER_PATHS = NO;
				CLANG_ANALYZER_NONNULL = YES;
				CLANG_ANALYZER_NUMBER_OBJECT_CONVERSION = YES_AGGRESSIVE;
				CLANG_CXX_LANGUAGE_STANDARD = "gnu++14";
				CLANG_CXX_LIBRARY = "libc++";
				CLANG_ENABLE_MODULES = YES;
				CLANG_ENABLE_OBJC_ARC = YES;
				CLANG_ENABLE_OBJC_WEAK = YES;
				CLANG_WARN_BLOCK_CAPTURE_AUTORELEASING = YES;
				CLANG_WARN_BOOL_CONVERSION = YES;
				CLANG_WARN_COMMA = YES;
				CLANG_WARN_CONSTANT_CONVERSION = YES;
				CLANG_WARN_DEPRECATED_OBJC_IMPLEMENTATIONS = YES;
				CLANG_WARN_DIRECT_OBJC_ISA_USAGE = YES_ERROR;
				CLANG_WARN_DOCUMENTATION_COMMENTS = YES;
				CLANG_WARN_EMPTY_BODY = YES;
				CLANG_WARN_ENUM_CONVERSION = YES;
				CLANG_WARN_INFINITE_RECURSION = YES;
				CLANG_WARN_INT_CONVERSION = YES;
				CLANG_WARN_NON_LITERAL_NULL_CONVERSION = YES;
				CLANG_WARN_OBJC_IMPLICIT_RETAIN_SELF = YES;
				CLANG_WARN_OBJC_LITERAL_CONVERSION = YES;
				CLANG_WARN_OBJC_ROOT_CLASS = YES_ERROR;
				CLANG_WARN_RANGE_LOOP_ANALYSIS = YES;
				CLANG_WARN_STRICT_PROTOTYPES = YES;
				CLANG_WARN_SUSPICIOUS_MOVE = YES;
				CLANG_WARN_UNGUARDED_AVAILABILITY = YES_AGGRESSIVE;
				CLANG_WARN_UNREACHABLE_CODE = YES;
				CLANG_WARN__DUPLICATE_METHOD_MATCH = YES;
				CODE_SIGN_IDENTITY = "iPhone Developer";
				COPY_PHASE_STRIP = NO;
				DEBUG_INFORMATION_FORMAT = dwarf;
				ENABLE_STRICT_OBJC_MSGSEND = YES;
				ENABLE_TESTABILITY = YES;
				GCC_C_LANGUAGE_STANDARD = gnu11;
				GCC_DYNAMIC_NO_PIC = NO;
				GCC_NO_COMMON_BLOCKS = YES;
				GCC_OPTIMIZATION_LEVEL = 0;
				GCC_PREPROCESSOR_DEFINITIONS = (
					"DEBUG=1",
					"$(inherited)",
				);
				GCC_WARN_64_TO_32_BIT_CONVERSION = YES;
				GCC_WARN_ABOUT_RETURN_TYPE = YES_ERROR;
				GCC_WARN_UNDECLARED_SELECTOR = YES;
				GCC_WARN_UNINITIALIZED_AUTOS = YES_AGGRESSIVE;
				GCC_WARN_UNUSED_FUNCTION = YES;
				GCC_WARN_UNUSED_VARIABLE = YES;
				IPHONEOS_DEPLOYMENT_TARGET = 12.2;
				MTL_ENABLE_DEBUG_INFO = INCLUDE_SOURCE;
				MTL_FAST_MATH = YES;
				ONLY_ACTIVE_ARCH = YES;
				SDKROOT = iphoneos;
				SWIFT_ACTIVE_COMPILATION_CONDITIONS = DEBUG;
				SWIFT_OPTIMIZATION_LEVEL = "-Onone";
			};
			name = Debug;
		};
		6541BB9022600CE60004619C /* Release */ = {
			isa = XCBuildConfiguration;
			buildSettings = {
				ALWAYS_SEARCH_USER_PATHS = NO;
				CLANG_ANALYZER_NONNULL = YES;
				CLANG_ANALYZER_NUMBER_OBJECT_CONVERSION = YES_AGGRESSIVE;
				CLANG_CXX_LANGUAGE_STANDARD = "gnu++14";
				CLANG_CXX_LIBRARY = "libc++";
				CLANG_ENABLE_MODULES = YES;
				CLANG_ENABLE_OBJC_ARC = YES;
				CLANG_ENABLE_OBJC_WEAK = YES;
				CLANG_WARN_BLOCK_CAPTURE_AUTORELEASING = YES;
				CLANG_WARN_BOOL_CONVERSION = YES;
				CLANG_WARN_COMMA = YES;
				CLANG_WARN_CONSTANT_CONVERSION = YES;
				CLANG_WARN_DEPRECATED_OBJC_IMPLEMENTATIONS = YES;
				CLANG_WARN_DIRECT_OBJC_ISA_USAGE = YES_ERROR;
				CLANG_WARN_DOCUMENTATION_COMMENTS = YES;
				CLANG_WARN_EMPTY_BODY = YES;
				CLANG_WARN_ENUM_CONVERSION = YES;
				CLANG_WARN_INFINITE_RECURSION = YES;
				CLANG_WARN_INT_CONVERSION = YES;
				CLANG_WARN_NON_LITERAL_NULL_CONVERSION = YES;
				CLANG_WARN_OBJC_IMPLICIT_RETAIN_SELF = YES;
				CLANG_WARN_OBJC_LITERAL_CONVERSION = YES;
				CLANG_WARN_OBJC_ROOT_CLASS = YES_ERROR;
				CLANG_WARN_RANGE_LOOP_ANALYSIS = YES;
				CLANG_WARN_STRICT_PROTOTYPES = YES;
				CLANG_WARN_SUSPICIOUS_MOVE = YES;
				CLANG_WARN_UNGUARDED_AVAILABILITY = YES_AGGRESSIVE;
				CLANG_WARN_UNREACHABLE_CODE = YES;
				CLANG_WARN__DUPLICATE_METHOD_MATCH = YES;
				CODE_SIGN_IDENTITY = "iPhone Developer";
				COPY_PHASE_STRIP = NO;
				DEBUG_INFORMATION_FORMAT = "dwarf-with-dsym";
				ENABLE_NS_ASSERTIONS = NO;
				ENABLE_STRICT_OBJC_MSGSEND = YES;
				GCC_C_LANGUAGE_STANDARD = gnu11;
				GCC_NO_COMMON_BLOCKS = YES;
				GCC_WARN_64_TO_32_BIT_CONVERSION = YES;
				GCC_WARN_ABOUT_RETURN_TYPE = YES_ERROR;
				GCC_WARN_UNDECLARED_SELECTOR = YES;
				GCC_WARN_UNINITIALIZED_AUTOS = YES_AGGRESSIVE;
				GCC_WARN_UNUSED_FUNCTION = YES;
				GCC_WARN_UNUSED_VARIABLE = YES;
				IPHONEOS_DEPLOYMENT_TARGET = 12.2;
				MTL_ENABLE_DEBUG_INFO = NO;
				MTL_FAST_MATH = YES;
				SDKROOT = iphoneos;
				SWIFT_COMPILATION_MODE = wholemodule;
				SWIFT_OPTIMIZATION_LEVEL = "-O";
				VALIDATE_PRODUCT = YES;
			};
			name = Release;
		};
		6541BB9222600CE60004619C /* Debug */ = {
			isa = XCBuildConfiguration;
			buildSettings = {
				ASSETCATALOG_COMPILER_APPICON_NAME = AppIcon;
				CODE_SIGN_STYLE = Automatic;
				DEVELOPMENT_TEAM = 2P44D5B93M;
				INFOPLIST_FILE = TechMonster/Info.plist;
				IPHONEOS_DEPLOYMENT_TARGET = 10.0;
				LD_RUNPATH_SEARCH_PATHS = (
					"$(inherited)",
					"@executable_path/Frameworks",
				);
				PRODUCT_BUNDLE_IDENTIFIER = jp.tommy.TechMonster;
				PRODUCT_NAME = "$(TARGET_NAME)";
				SWIFT_VERSION = 5.0;
				TARGETED_DEVICE_FAMILY = "1,2";
			};
			name = Debug;
		};
		6541BB9322600CE60004619C /* Release */ = {
			isa = XCBuildConfiguration;
			buildSettings = {
				ASSETCATALOG_COMPILER_APPICON_NAME = AppIcon;
				CODE_SIGN_STYLE = Automatic;
				DEVELOPMENT_TEAM = 2P44D5B93M;
				INFOPLIST_FILE = TechMonster/Info.plist;
				IPHONEOS_DEPLOYMENT_TARGET = 10.0;
				LD_RUNPATH_SEARCH_PATHS = (
					"$(inherited)",
					"@executable_path/Frameworks",
				);
				PRODUCT_BUNDLE_IDENTIFIER = jp.tommy.TechMonster;
				PRODUCT_NAME = "$(TARGET_NAME)";
				SWIFT_VERSION = 5.0;
				TARGETED_DEVICE_FAMILY = "1,2";
			};
			name = Release;
		};
/* End XCBuildConfiguration section */

/* Begin XCConfigurationList section */
		6541BB7A22600CE40004619C /* Build configuration list for PBXProject "TechMonster" */ = {
			isa = XCConfigurationList;
			buildConfigurations = (
				6541BB8F22600CE60004619C /* Debug */,
				6541BB9022600CE60004619C /* Release */,
			);
			defaultConfigurationIsVisible = 0;
			defaultConfigurationName = Release;
		};
		6541BB9122600CE60004619C /* Build configuration list for PBXNativeTarget "TechMonster" */ = {
			isa = XCConfigurationList;
			buildConfigurations = (
				6541BB9222600CE60004619C /* Debug */,
				6541BB9322600CE60004619C /* Release */,
			);
			defaultConfigurationIsVisible = 0;
			defaultConfigurationName = Release;
		};
/* End XCConfigurationList section */
	};
	rootObject = 6541BB7722600CE40004619C /* Project object */;
}
